
Microsoft Visual Studio Solution File, Format Version 12.00
# Visual Studio Version 17
VisualStudioVersion = 17.5.33530.505
MinimumVisualStudioVersion = 10.0.40219.1
Project("{FAE04EC0-301F-11D3-BF4B-00C04F79EFBC}") = "WpfApp1", "WpfApp1\WpfApp1.csproj", "{D85708CD-F1E0-4EA6-AFB5-B2F32585A9C9}"
EndProject
Global
	GlobalSection(SolutionConfigurationPlatforms) = preSolution
		Debug|Any CPU = Debug|Any CPU
		Release|Any CPU = Release|Any CPU
	EndGlobalSection
	GlobalSection(ProjectConfigurationPlatforms) = postSolution
		{D85708CD-F1E0-4EA6-AFB5-B2F32585A9C9}.Debug|Any CPU.ActiveCfg = Debug|Any CPU
		{D85708CD-F1E0-4EA6-AFB5-B2F32585A9C9}.Debug|Any CPU.Build.0 = Debug|Any CPU
		{D85708CD-F1E0-4EA6-AFB5-B2F32585A9C9}.Release|Any CPU.ActiveCfg = Release|Any CPU
		{D85708CD-F1E0-4EA6-AFB5-B2F32585A9C9}.Release|Any CPU.Build.0 = Release|Any CPU
	EndGlobalSection
	GlobalSection(SolutionProperties) = preSolution
		HideSolutionNode = FALSE
	EndGlobalSection
	GlobalSection(ExtensibilityGlobals) = postSolution
		SolutionGuid = {45BB052B-F770-4F55-A31E-39B61C22BF8A}
	EndGlobalSection
EndGlobal
